
Microsoft Visual Studio Solution File, Format Version 12.00
# Visual Studio Version 16
VisualStudioVersion = 16.0.31702.278
MinimumVisualStudioVersion = 10.0.40219.1
Project("{2150E333-8FDC-42A3-9474-1A3956D46DE8}") = "src", "src", "{319FB0AE-892D-477A-994A-30E3205641DC}"
EndProject
Project("{2150E333-8FDC-42A3-9474-1A3956D46DE8}") = "Web", "Web", "{CC2F42B6-302F-4788-A762-284621A481CE}"
EndProject
Project("{2150E333-8FDC-42A3-9474-1A3956D46DE8}") = "Services", "Services", "{7FDEA568-3851-48EE-90EF-AD709EF3FB5D}"
EndProject
Project("{2150E333-8FDC-42A3-9474-1A3956D46DE8}") = "BuildBlocks", "BuildBlocks", "{1314B284-F246-4C53-8CB2-4A949162AF5A}"
EndProject
Project("{2150E333-8FDC-42A3-9474-1A3956D46DE8}") = "Identidade", "Identidade", "{151A1675-FBCF-4A8E-8AE6-3759271D5D10}"
EndProject
Project("{2150E333-8FDC-42A3-9474-1A3956D46DE8}") = "MVC", "MVC", "{AB4F1B71-6B96-4058-B30C-9FF56F36D1B2}"
EndProject
Project("{2150E333-8FDC-42A3-9474-1A3956D46DE8}") = "Core", "Core", "{738CE1D4-023D-473D-8945-9EB0B6B27384}"
EndProject
Project("{9A19103F-16F7-4668-BE54-9A1E7A4F7556}") = "NSF.WebApp.MVC", "src\web\NSF.WebApp.MVC\NSF.WebApp.MVC.csproj", "{0B75A6D9-B5B0-4EB2-8381-289838656195}"
EndProject
Project("{9A19103F-16F7-4668-BE54-9A1E7A4F7556}") = "NSF.Identidade.API", "src\services\NSF.Identidade.API\NSF.Identidade.API.csproj", "{52B5D4C6-1600-4D61-9937-63A029E014E0}"
EndProject
Project("{FAE04EC0-301F-11D3-BF4B-00C04F79EFBC}") = "NSF.Core", "src\buildingBlocks\NSF.Core\NSF.Core.csproj", "{2CDDDB76-2827-4728-B3ED-54BD7A8AC038}"
EndProject
Project("{2150E333-8FDC-42A3-9474-1A3956D46DE8}") = "Carrinho", "Carrinho", "{C336621B-CAE7-47E0-A482-AE60769903E9}"
EndProject
Project("{2150E333-8FDC-42A3-9474-1A3956D46DE8}") = "Cliente", "Cliente", "{9650C4D9-B90D-43E8-9792-59CC0801F5AF}"
EndProject
Project("{2150E333-8FDC-42A3-9474-1A3956D46DE8}") = "Pagamento", "Pagamento", "{DA24A054-5BC5-4617-9BA5-07F527BBCA1C}"
EndProject
Project("{2150E333-8FDC-42A3-9474-1A3956D46DE8}") = "Pedido", "Pedido", "{C6E853FC-2B7B-4F85-847D-3233E32BF90C}"
EndProject
Project("{FAE04EC0-301F-11D3-BF4B-00C04F79EFBC}") = "NSF.Carrinho.API", "NSF.Carrinho.API\NSF.Carrinho.API.csproj", "{CD4BFC2D-B172-4348-A1BA-5D776A68AB1F}"
EndProject
Project("{FAE04EC0-301F-11D3-BF4B-00C04F79EFBC}") = "NSF.Cliente.API", "NSF.Cliente.API\NSF.Cliente.API.csproj", "{35D4D79E-E084-460A-8DF7-6704C2170326}"
EndProject
Global
	GlobalSection(SolutionConfigurationPlatforms) = preSolution
		Debug|Any CPU = Debug|Any CPU
		Release|Any CPU = Release|Any CPU
	EndGlobalSection
	GlobalSection(ProjectConfigurationPlatforms) = postSolution
		{0B75A6D9-B5B0-4EB2-8381-289838656195}.Debug|Any CPU.ActiveCfg = Debug|Any CPU
		{0B75A6D9-B5B0-4EB2-8381-289838656195}.Debug|Any CPU.Build.0 = Debug|Any CPU
		{0B75A6D9-B5B0-4EB2-8381-289838656195}.Release|Any CPU.ActiveCfg = Release|Any CPU
		{0B75A6D9-B5B0-4EB2-8381-289838656195}.Release|Any CPU.Build.0 = Release|Any CPU
		{52B5D4C6-1600-4D61-9937-63A029E014E0}.Debug|Any CPU.ActiveCfg = Debug|Any CPU
		{52B5D4C6-1600-4D61-9937-63A029E014E0}.Debug|Any CPU.Build.0 = Debug|Any CPU
		{52B5D4C6-1600-4D61-9937-63A029E014E0}.Release|Any CPU.ActiveCfg = Release|Any CPU
		{52B5D4C6-1600-4D61-9937-63A029E014E0}.Release|Any CPU.Build.0 = Release|Any CPU
		{2CDDDB76-2827-4728-B3ED-54BD7A8AC038}.Debug|Any CPU.ActiveCfg = Debug|Any CPU
		{2CDDDB76-2827-4728-B3ED-54BD7A8AC038}.Debug|Any CPU.Build.0 = Debug|Any CPU
		{2CDDDB76-2827-4728-B3ED-54BD7A8AC038}.Release|Any CPU.ActiveCfg = Release|Any CPU
		{2CDDDB76-2827-4728-B3ED-54BD7A8AC038}.Release|Any CPU.Build.0 = Release|Any CPU
		{CD4BFC2D-B172-4348-A1BA-5D776A68AB1F}.Debug|Any CPU.ActiveCfg = Debug|Any CPU
		{CD4BFC2D-B172-4348-A1BA-5D776A68AB1F}.Debug|Any CPU.Build.0 = Debug|Any CPU
		{CD4BFC2D-B172-4348-A1BA-5D776A68AB1F}.Release|Any CPU.ActiveCfg = Release|Any CPU
		{CD4BFC2D-B172-4348-A1BA-5D776A68AB1F}.Release|Any CPU.Build.0 = Release|Any CPU
		{35D4D79E-E084-460A-8DF7-6704C2170326}.Debug|Any CPU.ActiveCfg = Debug|Any CPU
		{35D4D79E-E084-460A-8DF7-6704C2170326}.Debug|Any CPU.Build.0 = Debug|Any CPU
		{35D4D79E-E084-460A-8DF7-6704C2170326}.Release|Any CPU.ActiveCfg = Release|Any CPU
		{35D4D79E-E084-460A-8DF7-6704C2170326}.Release|Any CPU.Build.0 = Release|Any CPU
	EndGlobalSection
	GlobalSection(SolutionProperties) = preSolution
		HideSolutionNode = FALSE
	EndGlobalSection
	GlobalSection(NestedProjects) = preSolution
		{CC2F42B6-302F-4788-A762-284621A481CE} = {319FB0AE-892D-477A-994A-30E3205641DC}
		{7FDEA568-3851-48EE-90EF-AD709EF3FB5D} = {319FB0AE-892D-477A-994A-30E3205641DC}
		{1314B284-F246-4C53-8CB2-4A949162AF5A} = {319FB0AE-892D-477A-994A-30E3205641DC}
		{151A1675-FBCF-4A8E-8AE6-3759271D5D10} = {7FDEA568-3851-48EE-90EF-AD709EF3FB5D}
		{AB4F1B71-6B96-4058-B30C-9FF56F36D1B2} = {CC2F42B6-302F-4788-A762-284621A481CE}
		{738CE1D4-023D-473D-8945-9EB0B6B27384} = {1314B284-F246-4C53-8CB2-4A949162AF5A}
		{0B75A6D9-B5B0-4EB2-8381-289838656195} = {AB4F1B71-6B96-4058-B30C-9FF56F36D1B2}
		{52B5D4C6-1600-4D61-9937-63A029E014E0} = {151A1675-FBCF-4A8E-8AE6-3759271D5D10}
		{2CDDDB76-2827-4728-B3ED-54BD7A8AC038} = {738CE1D4-023D-473D-8945-9EB0B6B27384}
		{C336621B-CAE7-47E0-A482-AE60769903E9} = {7FDEA568-3851-48EE-90EF-AD709EF3FB5D}
		{9650C4D9-B90D-43E8-9792-59CC0801F5AF} = {7FDEA568-3851-48EE-90EF-AD709EF3FB5D}
		{DA24A054-5BC5-4617-9BA5-07F527BBCA1C} = {7FDEA568-3851-48EE-90EF-AD709EF3FB5D}
		{C6E853FC-2B7B-4F85-847D-3233E32BF90C} = {7FDEA568-3851-48EE-90EF-AD709EF3FB5D}
		{CD4BFC2D-B172-4348-A1BA-5D776A68AB1F} = {C336621B-CAE7-47E0-A482-AE60769903E9}
		{35D4D79E-E084-460A-8DF7-6704C2170326} = {9650C4D9-B90D-43E8-9792-59CC0801F5AF}
	EndGlobalSection
	GlobalSection(ExtensibilityGlobals) = postSolution
		SolutionGuid = {249DA108-A122-45B2-9688-DADA9669BEB5}
	EndGlobalSection
EndGlobal
