
Microsoft Visual Studio Solution File, Format Version 12.00
# Visual Studio Version 16
VisualStudioVersion = 16.0.31702.278
MinimumVisualStudioVersion = 10.0.40219.1
Project("{2150E333-8FDC-42A3-9474-1A3956D46DE8}") = "src", "src", "{319FB0AE-892D-477A-994A-30E3205641DC}"
EndProject
Project("{2150E333-8FDC-42A3-9474-1A3956D46DE8}") = "Web", "Web", "{CC2F42B6-302F-4788-A762-284621A481CE}"
EndProject
Project("{2150E333-8FDC-42A3-9474-1A3956D46DE8}") = "Services", "Services", "{7FDEA568-3851-48EE-90EF-AD709EF3FB5D}"
EndProject
Project("{2150E333-8FDC-42A3-9474-1A3956D46DE8}") = "BuildBlocks", "BuildBlocks", "{1314B284-F246-4C53-8CB2-4A949162AF5A}"
EndProject
Project("{2150E333-8FDC-42A3-9474-1A3956D46DE8}") = "Identidade", "Identidade", "{151A1675-FBCF-4A8E-8AE6-3759271D5D10}"
EndProject
Project("{2150E333-8FDC-42A3-9474-1A3956D46DE8}") = "MVC", "MVC", "{AB4F1B71-6B96-4058-B30C-9FF56F36D1B2}"
EndProject
Project("{2150E333-8FDC-42A3-9474-1A3956D46DE8}") = "Core", "Core", "{738CE1D4-023D-473D-8945-9EB0B6B27384}"
EndProject
Project("{9A19103F-16F7-4668-BE54-9A1E7A4F7556}") = "NSF.WebApp.MVC", "src\web\NSF.WebApp.MVC\NSF.WebApp.MVC.csproj", "{0B75A6D9-B5B0-4EB2-8381-289838656195}"
EndProject
Project("{9A19103F-16F7-4668-BE54-9A1E7A4F7556}") = "NSF.Identidade.API", "src\services\NSF.Identidade.API\NSF.Identidade.API.csproj", "{52B5D4C6-1600-4D61-9937-63A029E014E0}"
EndProject
Project("{9A19103F-16F7-4668-BE54-9A1E7A4F7556}") = "NSF.Core", "src\buildingBlocks\NSF.Core\NSF.Core.csproj", "{2CDDDB76-2827-4728-B3ED-54BD7A8AC038}"
EndProject
Project("{2150E333-8FDC-42A3-9474-1A3956D46DE8}") = "Carrinho", "Carrinho", "{C336621B-CAE7-47E0-A482-AE60769903E9}"
EndProject
Project("{2150E333-8FDC-42A3-9474-1A3956D46DE8}") = "Cliente", "Cliente", "{9650C4D9-B90D-43E8-9792-59CC0801F5AF}"
EndProject
Project("{2150E333-8FDC-42A3-9474-1A3956D46DE8}") = "Pagamento", "Pagamento", "{DA24A054-5BC5-4617-9BA5-07F527BBCA1C}"
EndProject
Project("{2150E333-8FDC-42A3-9474-1A3956D46DE8}") = "Pedido", "Pedido", "{C6E853FC-2B7B-4F85-847D-3233E32BF90C}"
EndProject
Project("{9A19103F-16F7-4668-BE54-9A1E7A4F7556}") = "NSF.Pagamento.API", "src\services\NSF.Pagamento.API\NSF.Pagamento.API.csproj", "{AA371302-1E4B-4F49-A6F1-B15D36635C3A}"
EndProject
Project("{9A19103F-16F7-4668-BE54-9A1E7A4F7556}") = "NSF.Carrinho.API", "src\services\NSF.Carrinho.API\NSF.Carrinho.API.csproj", "{50046AD2-C90A-41BC-A5A4-B95634B2F675}"
EndProject
Project("{9A19103F-16F7-4668-BE54-9A1E7A4F7556}") = "NSF.Cliente.API", "src\services\NSF.Cliente.API\NSF.Cliente.API.csproj", "{F6FF3362-D42B-4557-9DD7-B0B1661AF008}"
EndProject
Project("{FAE04EC0-301F-11D3-BF4B-00C04F79EFBC}") = "NSF.Pedido.API", "src\services\NSF.Pedido.API\NSF.Pedido.API.csproj", "{7854D82D-303A-4558-8E29-46FA13E4A4FC}"
EndProject
Project("{2150E333-8FDC-42A3-9474-1A3956D46DE8}") = "Catalogo", "Catalogo", "{01865604-A13A-49B2-8D25-1A5B70EE7123}"
EndProject
Project("{FAE04EC0-301F-11D3-BF4B-00C04F79EFBC}") = "NSF.Catalogo.API", "src\services\NSF.Catalogo.API\NSF.Catalogo.API.csproj", "{73F9804E-A3C6-4657-8992-007A5CFCA187}"
EndProject
Global
	GlobalSection(SolutionConfigurationPlatforms) = preSolution
		Debug|Any CPU = Debug|Any CPU
		Release|Any CPU = Release|Any CPU
	EndGlobalSection
	GlobalSection(ProjectConfigurationPlatforms) = postSolution
		{0B75A6D9-B5B0-4EB2-8381-289838656195}.Debug|Any CPU.ActiveCfg = Debug|Any CPU
		{0B75A6D9-B5B0-4EB2-8381-289838656195}.Debug|Any CPU.Build.0 = Debug|Any CPU
		{0B75A6D9-B5B0-4EB2-8381-289838656195}.Release|Any CPU.ActiveCfg = Release|Any CPU
		{0B75A6D9-B5B0-4EB2-8381-289838656195}.Release|Any CPU.Build.0 = Release|Any CPU
		{52B5D4C6-1600-4D61-9937-63A029E014E0}.Debug|Any CPU.ActiveCfg = Debug|Any CPU
		{52B5D4C6-1600-4D61-9937-63A029E014E0}.Debug|Any CPU.Build.0 = Debug|Any CPU
		{52B5D4C6-1600-4D61-9937-63A029E014E0}.Release|Any CPU.ActiveCfg = Release|Any CPU
		{52B5D4C6-1600-4D61-9937-63A029E014E0}.Release|Any CPU.Build.0 = Release|Any CPU
		{2CDDDB76-2827-4728-B3ED-54BD7A8AC038}.Debug|Any CPU.ActiveCfg = Debug|Any CPU
		{2CDDDB76-2827-4728-B3ED-54BD7A8AC038}.Debug|Any CPU.Build.0 = Debug|Any CPU
		{2CDDDB76-2827-4728-B3ED-54BD7A8AC038}.Release|Any CPU.ActiveCfg = Release|Any CPU
		{2CDDDB76-2827-4728-B3ED-54BD7A8AC038}.Release|Any CPU.Build.0 = Release|Any CPU
		{AA371302-1E4B-4F49-A6F1-B15D36635C3A}.Debug|Any CPU.ActiveCfg = Debug|Any CPU
		{AA371302-1E4B-4F49-A6F1-B15D36635C3A}.Debug|Any CPU.Build.0 = Debug|Any CPU
		{AA371302-1E4B-4F49-A6F1-B15D36635C3A}.Release|Any CPU.ActiveCfg = Release|Any CPU
		{AA371302-1E4B-4F49-A6F1-B15D36635C3A}.Release|Any CPU.Build.0 = Release|Any CPU
		{50046AD2-C90A-41BC-A5A4-B95634B2F675}.Debug|Any CPU.ActiveCfg = Debug|Any CPU
		{50046AD2-C90A-41BC-A5A4-B95634B2F675}.Debug|Any CPU.Build.0 = Debug|Any CPU
		{50046AD2-C90A-41BC-A5A4-B95634B2F675}.Release|Any CPU.ActiveCfg = Release|Any CPU
		{50046AD2-C90A-41BC-A5A4-B95634B2F675}.Release|Any CPU.Build.0 = Release|Any CPU
		{F6FF3362-D42B-4557-9DD7-B0B1661AF008}.Debug|Any CPU.ActiveCfg = Debug|Any CPU
		{F6FF3362-D42B-4557-9DD7-B0B1661AF008}.Debug|Any CPU.Build.0 = Debug|Any CPU
		{F6FF3362-D42B-4557-9DD7-B0B1661AF008}.Release|Any CPU.ActiveCfg = Release|Any CPU
		{F6FF3362-D42B-4557-9DD7-B0B1661AF008}.Release|Any CPU.Build.0 = Release|Any CPU
		{7854D82D-303A-4558-8E29-46FA13E4A4FC}.Debug|Any CPU.ActiveCfg = Debug|Any CPU
		{7854D82D-303A-4558-8E29-46FA13E4A4FC}.Debug|Any CPU.Build.0 = Debug|Any CPU
		{7854D82D-303A-4558-8E29-46FA13E4A4FC}.Release|Any CPU.ActiveCfg = Release|Any CPU
		{7854D82D-303A-4558-8E29-46FA13E4A4FC}.Release|Any CPU.Build.0 = Release|Any CPU
		{73F9804E-A3C6-4657-8992-007A5CFCA187}.Debug|Any CPU.ActiveCfg = Debug|Any CPU
		{73F9804E-A3C6-4657-8992-007A5CFCA187}.Debug|Any CPU.Build.0 = Debug|Any CPU
		{73F9804E-A3C6-4657-8992-007A5CFCA187}.Release|Any CPU.ActiveCfg = Release|Any CPU
		{73F9804E-A3C6-4657-8992-007A5CFCA187}.Release|Any CPU.Build.0 = Release|Any CPU
	EndGlobalSection
	GlobalSection(SolutionProperties) = preSolution
		HideSolutionNode = FALSE
	EndGlobalSection
	GlobalSection(NestedProjects) = preSolution
		{CC2F42B6-302F-4788-A762-284621A481CE} = {319FB0AE-892D-477A-994A-30E3205641DC}
		{7FDEA568-3851-48EE-90EF-AD709EF3FB5D} = {319FB0AE-892D-477A-994A-30E3205641DC}
		{1314B284-F246-4C53-8CB2-4A949162AF5A} = {319FB0AE-892D-477A-994A-30E3205641DC}
		{151A1675-FBCF-4A8E-8AE6-3759271D5D10} = {7FDEA568-3851-48EE-90EF-AD709EF3FB5D}
		{AB4F1B71-6B96-4058-B30C-9FF56F36D1B2} = {CC2F42B6-302F-4788-A762-284621A481CE}
		{738CE1D4-023D-473D-8945-9EB0B6B27384} = {1314B284-F246-4C53-8CB2-4A949162AF5A}
		{0B75A6D9-B5B0-4EB2-8381-289838656195} = {AB4F1B71-6B96-4058-B30C-9FF56F36D1B2}
		{52B5D4C6-1600-4D61-9937-63A029E014E0} = {151A1675-FBCF-4A8E-8AE6-3759271D5D10}
		{2CDDDB76-2827-4728-B3ED-54BD7A8AC038} = {738CE1D4-023D-473D-8945-9EB0B6B27384}
		{C336621B-CAE7-47E0-A482-AE60769903E9} = {7FDEA568-3851-48EE-90EF-AD709EF3FB5D}
		{9650C4D9-B90D-43E8-9792-59CC0801F5AF} = {7FDEA568-3851-48EE-90EF-AD709EF3FB5D}
		{DA24A054-5BC5-4617-9BA5-07F527BBCA1C} = {7FDEA568-3851-48EE-90EF-AD709EF3FB5D}
		{C6E853FC-2B7B-4F85-847D-3233E32BF90C} = {7FDEA568-3851-48EE-90EF-AD709EF3FB5D}
		{AA371302-1E4B-4F49-A6F1-B15D36635C3A} = {DA24A054-5BC5-4617-9BA5-07F527BBCA1C}
		{50046AD2-C90A-41BC-A5A4-B95634B2F675} = {C336621B-CAE7-47E0-A482-AE60769903E9}
		{F6FF3362-D42B-4557-9DD7-B0B1661AF008} = {9650C4D9-B90D-43E8-9792-59CC0801F5AF}
		{7854D82D-303A-4558-8E29-46FA13E4A4FC} = {C6E853FC-2B7B-4F85-847D-3233E32BF90C}
		{01865604-A13A-49B2-8D25-1A5B70EE7123} = {7FDEA568-3851-48EE-90EF-AD709EF3FB5D}
		{73F9804E-A3C6-4657-8992-007A5CFCA187} = {01865604-A13A-49B2-8D25-1A5B70EE7123}
	EndGlobalSection
	GlobalSection(ExtensibilityGlobals) = postSolution
		SolutionGuid = {249DA108-A122-45B2-9688-DADA9669BEB5}
	EndGlobalSection
EndGlobal
